
Microsoft Visual Studio Solution File, Format Version 12.00
# Visual Studio Version 16
VisualStudioVersion = 16.0.31313.79
MinimumVisualStudioVersion = 10.0.40219.1
Project("{2150E333-8FDC-42A3-9474-1A3956D46DE8}") = "Services", "Services", "{F333ED5F-6B7F-4E4D-96AC-220B5BFF194F}"
EndProject
Project("{2150E333-8FDC-42A3-9474-1A3956D46DE8}") = "Catalog", "Catalog", "{4D1314D7-838C-49D6-B550-29291F035FD6}"
EndProject
Project("{9A19103F-16F7-4668-BE54-9A1E7A4F7556}") = "Catalog.API", "Services\Catalog\Catalog.API\Catalog.API.csproj", "{D113CFB4-A14F-4F34-ABF6-87396ED4FCC6}"
EndProject
Project("{E53339B2-1760-4266-BCC7-CA923CBCF16C}") = "docker-compose", "docker-compose.dcproj", "{56F10E16-20D9-4CCE-8796-90164CB8FCE2}"
EndProject
Project("{2150E333-8FDC-42A3-9474-1A3956D46DE8}") = "Basket", "Basket", "{E4F35CE4-FDF3-4607-8F45-950950F5A3C3}"
EndProject
Project("{9A19103F-16F7-4668-BE54-9A1E7A4F7556}") = "Basket.API", "Services\Basket\Basket.API\Basket.API.csproj", "{E22FCC8B-D133-4EE6-A109-286132138106}"
EndProject
Global
	GlobalSection(SolutionConfigurationPlatforms) = preSolution
		Debug|Any CPU = Debug|Any CPU
		Release|Any CPU = Release|Any CPU
	EndGlobalSection
	GlobalSection(ProjectConfigurationPlatforms) = postSolution
		{D113CFB4-A14F-4F34-ABF6-87396ED4FCC6}.Debug|Any CPU.ActiveCfg = Debug|Any CPU
		{D113CFB4-A14F-4F34-ABF6-87396ED4FCC6}.Debug|Any CPU.Build.0 = Debug|Any CPU
		{D113CFB4-A14F-4F34-ABF6-87396ED4FCC6}.Release|Any CPU.ActiveCfg = Release|Any CPU
		{D113CFB4-A14F-4F34-ABF6-87396ED4FCC6}.Release|Any CPU.Build.0 = Release|Any CPU
		{56F10E16-20D9-4CCE-8796-90164CB8FCE2}.Debug|Any CPU.ActiveCfg = Debug|Any CPU
		{56F10E16-20D9-4CCE-8796-90164CB8FCE2}.Debug|Any CPU.Build.0 = Debug|Any CPU
		{56F10E16-20D9-4CCE-8796-90164CB8FCE2}.Release|Any CPU.ActiveCfg = Release|Any CPU
		{56F10E16-20D9-4CCE-8796-90164CB8FCE2}.Release|Any CPU.Build.0 = Release|Any CPU
		{E22FCC8B-D133-4EE6-A109-286132138106}.Debug|Any CPU.ActiveCfg = Debug|Any CPU
		{E22FCC8B-D133-4EE6-A109-286132138106}.Debug|Any CPU.Build.0 = Debug|Any CPU
		{E22FCC8B-D133-4EE6-A109-286132138106}.Release|Any CPU.ActiveCfg = Release|Any CPU
		{E22FCC8B-D133-4EE6-A109-286132138106}.Release|Any CPU.Build.0 = Release|Any CPU
	EndGlobalSection
	GlobalSection(SolutionProperties) = preSolution
		HideSolutionNode = FALSE
	EndGlobalSection
	GlobalSection(NestedProjects) = preSolution
		{4D1314D7-838C-49D6-B550-29291F035FD6} = {F333ED5F-6B7F-4E4D-96AC-220B5BFF194F}
		{D113CFB4-A14F-4F34-ABF6-87396ED4FCC6} = {4D1314D7-838C-49D6-B550-29291F035FD6}
		{E4F35CE4-FDF3-4607-8F45-950950F5A3C3} = {F333ED5F-6B7F-4E4D-96AC-220B5BFF194F}
		{E22FCC8B-D133-4EE6-A109-286132138106} = {E4F35CE4-FDF3-4607-8F45-950950F5A3C3}
	EndGlobalSection
	GlobalSection(ExtensibilityGlobals) = postSolution
		SolutionGuid = {56377A4A-9ECE-4317-9D5B-F81A04E3DA84}
	EndGlobalSection
EndGlobal
